// !$*UTF8*$!
{
	archiveVersion = 1;
	classes = {
	};
	objectVersion = 46;
	objects = {

/* Begin PBXBuildFile section */
		338859111A86DC2C0038A753 /* AppDelegate.swift in Sources */ = {isa = PBXBuildFile; fileRef = 338859101A86DC2C0038A753 /* AppDelegate.swift */; };
		338859131A86DC2C0038A753 /* ViewController.swift in Sources */ = {isa = PBXBuildFile; fileRef = 338859121A86DC2C0038A753 /* ViewController.swift */; };
		338859161A86DC2D0038A753 /* Main.storyboard in Resources */ = {isa = PBXBuildFile; fileRef = 338859141A86DC2D0038A753 /* Main.storyboard */; };
		338859181A86DC2D0038A753 /* Images.xcassets in Resources */ = {isa = PBXBuildFile; fileRef = 338859171A86DC2D0038A753 /* Images.xcassets */; };
		3388591B1A86DC2D0038A753 /* LaunchScreen.xib in Resources */ = {isa = PBXBuildFile; fileRef = 338859191A86DC2D0038A753 /* LaunchScreen.xib */; };
		338859271A86DC2D0038A753 /* Assignment_AgeOfLaikaAppTests.swift in Sources */ = {isa = PBXBuildFile; fileRef = 338859261A86DC2D0038A753 /* Assignment_AgeOfLaikaAppTests.swift */; };
		338859311A86DD9F0038A753 /* AgeOfLaika.jpg in Resources */ = {isa = PBXBuildFile; fileRef = 338859301A86DD9F0038A753 /* AgeOfLaika.jpg */; };
/* End PBXBuildFile section */

/* Begin PBXContainerItemProxy section */
		338859211A86DC2D0038A753 /* PBXContainerItemProxy */ = {
			isa = PBXContainerItemProxy;
			containerPortal = 338859031A86DC2C0038A753 /* Project object */;
			proxyType = 1;
			remoteGlobalIDString = 3388590A1A86DC2C0038A753;
			remoteInfo = "Assignment-AgeOfLaikaApp";
		};
/* End PBXContainerItemProxy section */

/* Begin PBXFileReference section */
		3388590B1A86DC2C0038A753 /* Assignment-AgeOfLaikaApp.app */ = {isa = PBXFileReference; explicitFileType = wrapper.application; includeInIndex = 0; path = "Assignment-AgeOfLaikaApp.app"; sourceTree = BUILT_PRODUCTS_DIR; };
		3388590F1A86DC2C0038A753 /* Info.plist */ = {isa = PBXFileReference; lastKnownFileType = text.plist.xml; path = Info.plist; sourceTree = "<group>"; };
		338859101A86DC2C0038A753 /* AppDelegate.swift */ = {isa = PBXFileReference; lastKnownFileType = sourcecode.swift; path = AppDelegate.swift; sourceTree = "<group>"; };
		338859121A86DC2C0038A753 /* ViewController.swift */ = {isa = PBXFileReference; lastKnownFileType = sourcecode.swift; path = ViewController.swift; sourceTree = "<group>"; };
		338859151A86DC2D0038A753 /* Base */ = {isa = PBXFileReference; lastKnownFileType = file.storyboard; name = Base; path = Base.lproj/Main.storyboard; sourceTree = "<group>"; };
		338859171A86DC2D0038A753 /* Images.xcassets */ = {isa = PBXFileReference; lastKnownFileType = folder.assetcatalog; path = Images.xcassets; sourceTree = "<group>"; };
		3388591A1A86DC2D0038A753 /* Base */ = {isa = PBXFileReference; lastKnownFileType = file.xib; name = Base; path = Base.lproj/LaunchScreen.xib; sourceTree = "<group>"; };
		338859201A86DC2D0038A753 /* Assignment-AgeOfLaikaAppTests.xctest */ = {isa = PBXFileReference; explicitFileType = wrapper.cfbundle; includeInIndex = 0; path = "Assignment-AgeOfLaikaAppTests.xctest"; sourceTree = BUILT_PRODUCTS_DIR; };
		338859251A86DC2D0038A753 /* Info.plist */ = {isa = PBXFileReference; lastKnownFileType = text.plist.xml; path = Info.plist; sourceTree = "<group>"; };
		338859261A86DC2D0038A753 /* Assignment_AgeOfLaikaAppTests.swift */ = {isa = PBXFileReference; lastKnownFileType = sourcecode.swift; path = Assignment_AgeOfLaikaAppTests.swift; sourceTree = "<group>"; };
		338859301A86DD9F0038A753 /* AgeOfLaika.jpg */ = {isa = PBXFileReference; lastKnownFileType = image.jpeg; path = AgeOfLaika.jpg; sourceTree = "<group>"; };
		3395CA751A882FF100201E56 /* Testing Doubles.playground */ = {isa = PBXFileReference; lastKnownFileType = file.playground; name = "Testing Doubles.playground"; path = "../../Playgrounds/Testing Doubles.playground"; sourceTree = "<group>"; };
		33BC9AEB1A8D7DC000DF9808 /* Double Tests.playground */ = {isa = PBXFileReference; lastKnownFileType = file.playground; name = "Double Tests.playground"; path = "../Assignment-AgeOfLaikaApp/Double Tests.playground"; sourceTree = "<group>"; };
/* End PBXFileReference section */

/* Begin PBXFrameworksBuildPhase section */
		338859081A86DC2C0038A753 /* Frameworks */ = {
			isa = PBXFrameworksBuildPhase;
			buildActionMask = 2147483647;
			files = (
			);
			runOnlyForDeploymentPostprocessing = 0;
		};
		3388591D1A86DC2D0038A753 /* Frameworks */ = {
			isa = PBXFrameworksBuildPhase;
			buildActionMask = 2147483647;
			files = (
			);
			runOnlyForDeploymentPostprocessing = 0;
		};
/* End PBXFrameworksBuildPhase section */

/* Begin PBXGroup section */
		338859021A86DC2C0038A753 = {
			isa = PBXGroup;
			children = (
				3395CA751A882FF100201E56 /* Testing Doubles.playground */,
				3388590D1A86DC2C0038A753 /* Assignment-AgeOfLaikaApp */,
				338859231A86DC2D0038A753 /* Assignment-AgeOfLaikaAppTests */,
				3388590C1A86DC2C0038A753 /* Products */,
			);
			sourceTree = "<group>";
		};
		3388590C1A86DC2C0038A753 /* Products */ = {
			isa = PBXGroup;
			children = (
				3388590B1A86DC2C0038A753 /* Assignment-AgeOfLaikaApp.app */,
				338859201A86DC2D0038A753 /* Assignment-AgeOfLaikaAppTests.xctest */,
			);
			name = Products;
			sourceTree = "<group>";
		};
		3388590D1A86DC2C0038A753 /* Assignment-AgeOfLaikaApp */ = {
			isa = PBXGroup;
			children = (
				338859101A86DC2C0038A753 /* AppDelegate.swift */,
				338859121A86DC2C0038A753 /* ViewController.swift */,
				338859141A86DC2D0038A753 /* Main.storyboard */,
				338859171A86DC2D0038A753 /* Images.xcassets */,
				338859191A86DC2D0038A753 /* LaunchScreen.xib */,
				3388590E1A86DC2C0038A753 /* Supporting Files */,
			);
			path = "Assignment-AgeOfLaikaApp";
			sourceTree = "<group>";
		};
		3388590E1A86DC2C0038A753 /* Supporting Files */ = {
			isa = PBXGroup;
			children = (
				338859301A86DD9F0038A753 /* AgeOfLaika.jpg */,
				3388590F1A86DC2C0038A753 /* Info.plist */,
			);
			name = "Supporting Files";
			sourceTree = "<group>";
		};
		338859231A86DC2D0038A753 /* Assignment-AgeOfLaikaAppTests */ = {
			isa = PBXGroup;
			children = (
				33BC9AEB1A8D7DC000DF9808 /* Double Tests.playground */,
				338859261A86DC2D0038A753 /* Assignment_AgeOfLaikaAppTests.swift */,
				338859241A86DC2D0038A753 /* Supporting Files */,
			);
			path = "Assignment-AgeOfLaikaAppTests";
			sourceTree = "<group>";
		};
		338859241A86DC2D0038A753 /* Supporting Files */ = {
			isa = PBXGroup;
			children = (
				338859251A86DC2D0038A753 /* Info.plist */,
			);
			name = "Supporting Files";
			sourceTree = "<group>";
		};
/* End PBXGroup section */

/* Begin PBXNativeTarget section */
		3388590A1A86DC2C0038A753 /* Assignment-AgeOfLaikaApp */ = {
			isa = PBXNativeTarget;
			buildConfigurationList = 3388592A1A86DC2D0038A753 /* Build configuration list for PBXNativeTarget "Assignment-AgeOfLaikaApp" */;
			buildPhases = (
				338859071A86DC2C0038A753 /* Sources */,
				338859081A86DC2C0038A753 /* Frameworks */,
				338859091A86DC2C0038A753 /* Resources */,
			);
			buildRules = (
			);
			dependencies = (
			);
			name = "Assignment-AgeOfLaikaApp";
			productName = "Assignment-AgeOfLaikaApp";
			productReference = 3388590B1A86DC2C0038A753 /* Assignment-AgeOfLaikaApp.app */;
			productType = "com.apple.product-type.application";
		};
		3388591F1A86DC2D0038A753 /* Assignment-AgeOfLaikaAppTests */ = {
			isa = PBXNativeTarget;
			buildConfigurationList = 3388592D1A86DC2D0038A753 /* Build configuration list for PBXNativeTarget "Assignment-AgeOfLaikaAppTests" */;
			buildPhases = (
				3388591C1A86DC2D0038A753 /* Sources */,
				3388591D1A86DC2D0038A753 /* Frameworks */,
				3388591E1A86DC2D0038A753 /* Resources */,
			);
			buildRules = (
			);
			dependencies = (
				338859221A86DC2D0038A753 /* PBXTargetDependency */,
			);
			name = "Assignment-AgeOfLaikaAppTests";
			productName = "Assignment-AgeOfLaikaAppTests";
			productReference = 338859201A86DC2D0038A753 /* Assignment-AgeOfLaikaAppTests.xctest */;
			productType = "com.apple.product-type.bundle.unit-test";
		};
/* End PBXNativeTarget section */

/* Begin PBXProject section */
		338859031A86DC2C0038A753 /* Project object */ = {
			isa = PBXProject;
			attributes = {
				LastUpgradeCheck = 0610;
				ORGANIZATIONNAME = "COC Group";
				TargetAttributes = {
					3388590A1A86DC2C0038A753 = {
						CreatedOnToolsVersion = 6.1.1;
					};
					3388591F1A86DC2D0038A753 = {
						CreatedOnToolsVersion = 6.1.1;
						TestTargetID = 3388590A1A86DC2C0038A753;
					};
				};
			};
			buildConfigurationList = 338859061A86DC2C0038A753 /* Build configuration list for PBXProject "Assignment-AgeOfLaikaApp" */;
			compatibilityVersion = "Xcode 3.2";
			developmentRegion = English;
			hasScannedForEncodings = 0;
			knownRegions = (
				en,
				Base,
			);
			mainGroup = 338859021A86DC2C0038A753;
			productRefGroup = 3388590C1A86DC2C0038A753 /* Products */;
			projectDirPath = "";
			projectRoot = "";
			targets = (
				3388590A1A86DC2C0038A753 /* Assignment-AgeOfLaikaApp */,
				3388591F1A86DC2D0038A753 /* Assignment-AgeOfLaikaAppTests */,
			);
		};
/* End PBXProject section */

/* Begin PBXResourcesBuildPhase section */
		338859091A86DC2C0038A753 /* Resources */ = {
			isa = PBXResourcesBuildPhase;
			buildActionMask = 2147483647;
			files = (
				338859161A86DC2D0038A753 /* Main.storyboard in Resources */,
				338859311A86DD9F0038A753 /* AgeOfLaika.jpg in Resources */,
				3388591B1A86DC2D0038A753 /* LaunchScreen.xib in Resources */,
				338859181A86DC2D0038A753 /* Images.xcassets in Resources */,
			);
			runOnlyForDeploymentPostprocessing = 0;
		};
		3388591E1A86DC2D0038A753 /* Resources */ = {
			isa = PBXResourcesBuildPhase;
			buildActionMask = 2147483647;
			files = (
			);
			runOnlyForDeploymentPostprocessing = 0;
		};
/* End PBXResourcesBuildPhase section */

/* Begin PBXSourcesBuildPhase section */
		338859071A86DC2C0038A753 /* Sources */ = {
			isa = PBXSourcesBuildPhase;
			buildActionMask = 2147483647;
			files = (
				338859131A86DC2C0038A753 /* ViewController.swift in Sources */,
				338859111A86DC2C0038A753 /* AppDelegate.swift in Sources */,
			);
			runOnlyForDeploymentPostprocessing = 0;
		};
		3388591C1A86DC2D0038A753 /* Sources */ = {
			isa = PBXSourcesBuildPhase;
			buildActionMask = 2147483647;
			files = (
				338859271A86DC2D0038A753 /* Assignment_AgeOfLaikaAppTests.swift in Sources */,
			);
			runOnlyForDeploymentPostprocessing = 0;
		};
/* End PBXSourcesBuildPhase section */

/* Begin PBXTargetDependency section */
		338859221A86DC2D0038A753 /* PBXTargetDependency */ = {
			isa = PBXTargetDependency;
			target = 3388590A1A86DC2C0038A753 /* Assignment-AgeOfLaikaApp */;
			targetProxy = 338859211A86DC2D0038A753 /* PBXContainerItemProxy */;
		};
/* End PBXTargetDependency section */

/* Begin PBXVariantGroup section */
		338859141A86DC2D0038A753 /* Main.storyboard */ = {
			isa = PBXVariantGroup;
			children = (
				338859151A86DC2D0038A753 /* Base */,
			);
			name = Main.storyboard;
			sourceTree = "<group>";
		};
		338859191A86DC2D0038A753 /* LaunchScreen.xib */ = {
			isa = PBXVariantGroup;
			children = (
				3388591A1A86DC2D0038A753 /* Base */,
			);
			name = LaunchScreen.xib;
			sourceTree = "<group>";
		};
/* End PBXVariantGroup section */

/* Begin XCBuildConfiguration section */
		338859281A86DC2D0038A753 /* Debug */ = {
			isa = XCBuildConfiguration;
			buildSettings = {
				ALWAYS_SEARCH_USER_PATHS = NO;
				CLANG_CXX_LANGUAGE_STANDARD = "gnu++0x";
				CLANG_CXX_LIBRARY = "libc++";
				CLANG_ENABLE_MODULES = YES;
				CLANG_ENABLE_OBJC_ARC = YES;
				CLANG_WARN_BOOL_CONVERSION = YES;
				CLANG_WARN_CONSTANT_CONVERSION = YES;
				CLANG_WARN_DIRECT_OBJC_ISA_USAGE = YES_ERROR;
				CLANG_WARN_EMPTY_BODY = YES;
				CLANG_WARN_ENUM_CONVERSION = YES;
				CLANG_WARN_INT_CONVERSION = YES;
				CLANG_WARN_OBJC_ROOT_CLASS = YES_ERROR;
				CLANG_WARN_UNREACHABLE_CODE = YES;
				CLANG_WARN__DUPLICATE_METHOD_MATCH = YES;
				"CODE_SIGN_IDENTITY[sdk=iphoneos*]" = "iPhone Developer";
				COPY_PHASE_STRIP = NO;
				ENABLE_STRICT_OBJC_MSGSEND = YES;
				GCC_C_LANGUAGE_STANDARD = gnu99;
				GCC_DYNAMIC_NO_PIC = NO;
				GCC_OPTIMIZATION_LEVEL = 0;
				GCC_PREPROCESSOR_DEFINITIONS = (
					"DEBUG=1",
					"$(inherited)",
				);
				GCC_SYMBOLS_PRIVATE_EXTERN = NO;
				GCC_WARN_64_TO_32_BIT_CONVERSION = YES;
				GCC_WARN_ABOUT_RETURN_TYPE = YES_ERROR;
				GCC_WARN_UNDECLARED_SELECTOR = YES;
				GCC_WARN_UNINITIALIZED_AUTOS = YES_AGGRESSIVE;
				GCC_WARN_UNUSED_FUNCTION = YES;
				GCC_WARN_UNUSED_VARIABLE = YES;
				IPHONEOS_DEPLOYMENT_TARGET = 8.1;
				MTL_ENABLE_DEBUG_INFO = YES;
				ONLY_ACTIVE_ARCH = YES;
				SDKROOT = iphoneos;
				SWIFT_OPTIMIZATION_LEVEL = "-Onone";
				TARGETED_DEVICE_FAMILY = "1,2";
			};
			name = Debug;
		};
		338859291A86DC2D0038A753 /* Release */ = {
			isa = XCBuildConfiguration;
			buildSettings = {
				ALWAYS_SEARCH_USER_PATHS = NO;
				CLANG_CXX_LANGUAGE_STANDARD = "gnu++0x";
				CLANG_CXX_LIBRARY = "libc++";
				CLANG_ENABLE_MODULES = YES;
				CLANG_ENABLE_OBJC_ARC = YES;
				CLANG_WARN_BOOL_CONVERSION = YES;
				CLANG_WARN_CONSTANT_CONVERSION = YES;
				CLANG_WARN_DIRECT_OBJC_ISA_USAGE = YES_ERROR;
				CLANG_WARN_EMPTY_BODY = YES;
				CLANG_WARN_ENUM_CONVERSION = YES;
				CLANG_WARN_INT_CONVERSION = YES;
				CLANG_WARN_OBJC_ROOT_CLASS = YES_ERROR;
				CLANG_WARN_UNREACHABLE_CODE = YES;
				CLANG_WARN__DUPLICATE_METHOD_MATCH = YES;
				"CODE_SIGN_IDENTITY[sdk=iphoneos*]" = "iPhone Developer";
				COPY_PHASE_STRIP = YES;
				ENABLE_NS_ASSERTIONS = NO;
				ENABLE_STRICT_OBJC_MSGSEND = YES;
				GCC_C_LANGUAGE_STANDARD = gnu99;
				GCC_WARN_64_TO_32_BIT_CONVERSION = YES;
				GCC_WARN_ABOUT_RETURN_TYPE = YES_ERROR;
				GCC_WARN_UNDECLARED_SELECTOR = YES;
				GCC_WARN_UNINITIALIZED_AUTOS = YES_AGGRESSIVE;
				GCC_WARN_UNUSED_FUNCTION = YES;
				GCC_WARN_UNUSED_VARIABLE = YES;
				IPHONEOS_DEPLOYMENT_TARGET = 8.1;
				MTL_ENABLE_DEBUG_INFO = NO;
				SDKROOT = iphoneos;
				TARGETED_DEVICE_FAMILY = "1,2";
				VALIDATE_PRODUCT = YES;
			};
			name = Release;
		};
		3388592B1A86DC2D0038A753 /* Debug */ = {
			isa = XCBuildConfiguration;
			buildSettings = {
				ASSETCATALOG_COMPILER_APPICON_NAME = AppIcon;
				INFOPLIST_FILE = "Assignment-AgeOfLaikaApp/Info.plist";
				LD_RUNPATH_SEARCH_PATHS = "$(inherited) @executable_path/Frameworks";
				PRODUCT_NAME = "$(TARGET_NAME)";
			};
			name = Debug;
		};
		3388592C1A86DC2D0038A753 /* Release */ = {
			isa = XCBuildConfiguration;
			buildSettings = {
				ASSETCATALOG_COMPILER_APPICON_NAME = AppIcon;
				INFOPLIST_FILE = "Assignment-AgeOfLaikaApp/Info.plist";
				LD_RUNPATH_SEARCH_PATHS = "$(inherited) @executable_path/Frameworks";
				PRODUCT_NAME = "$(TARGET_NAME)";
			};
			name = Release;
		};
		3388592E1A86DC2D0038A753 /* Debug */ = {
			isa = XCBuildConfiguration;
			buildSettings = {
				BUNDLE_LOADER = "$(TEST_HOST)";
				FRAMEWORK_SEARCH_PATHS = (
					"$(SDKROOT)/Developer/Library/Frameworks",
					"$(inherited)",
				);
				GCC_PREPROCESSOR_DEFINITIONS = (
					"DEBUG=1",
					"$(inherited)",
				);
				INFOPLIST_FILE = "Assignment-AgeOfLaikaAppTests/Info.plist";
				LD_RUNPATH_SEARCH_PATHS = "$(inherited) @executable_path/Frameworks @loader_path/Frameworks";
				PRODUCT_NAME = "$(TARGET_NAME)";
				TEST_HOST = "$(BUILT_PRODUCTS_DIR)/Assignment-AgeOfLaikaApp.app/Assignment-AgeOfLaikaApp";
			};
			name = Debug;
		};
		3388592F1A86DC2D0038A753 /* Release */ = {
			isa = XCBuildConfiguration;
			buildSettings = {
				BUNDLE_LOADER = "$(TEST_HOST)";
				FRAMEWORK_SEARCH_PATHS = (
					"$(SDKROOT)/Developer/Library/Frameworks",
					"$(inherited)",
				);
				INFOPLIST_FILE = "Assignment-AgeOfLaikaAppTests/Info.plist";
				LD_RUNPATH_SEARCH_PATHS = "$(inherited) @executable_path/Frameworks @loader_path/Frameworks";
				PRODUCT_NAME = "$(TARGET_NAME)";
				TEST_HOST = "$(BUILT_PRODUCTS_DIR)/Assignment-AgeOfLaikaApp.app/Assignment-AgeOfLaikaApp";
			};
			name = Release;
		};
/* End XCBuildConfiguration section */

/* Begin XCConfigurationList section */
		338859061A86DC2C0038A753 /* Build configuration list for PBXProject "Assignment-AgeOfLaikaApp" */ = {
			isa = XCConfigurationList;
			buildConfigurations = (
				338859281A86DC2D0038A753 /* Debug */,
				338859291A86DC2D0038A753 /* Release */,
			);
			defaultConfigurationIsVisible = 0;
			defaultConfigurationName = Release;
		};
		3388592A1A86DC2D0038A753 /* Build configuration list for PBXNativeTarget "Assignment-AgeOfLaikaApp" */ = {
			isa = XCConfigurationList;
			buildConfigurations = (
				3388592B1A86DC2D0038A753 /* Debug */,
				3388592C1A86DC2D0038A753 /* Release */,
			);
			defaultConfigurationIsVisible = 0;
			defaultConfigurationName = Release;
		};
		3388592D1A86DC2D0038A753 /* Build configuration list for PBXNativeTarget "Assignment-AgeOfLaikaAppTests" */ = {
			isa = XCConfigurationList;
			buildConfigurations = (
				3388592E1A86DC2D0038A753 /* Debug */,
				3388592F1A86DC2D0038A753 /* Release */,
			);
			defaultConfigurationIsVisible = 0;
			defaultConfigurationName = Release;
		};
/* End XCConfigurationList section */
	};
	rootObject = 338859031A86DC2C0038A753 /* Project object */;
}
